
Microsoft Visual Studio Solution File, Format Version 12.00
# Visual Studio Version 17
VisualStudioVersion = 17.13.35825.156 d17.13
MinimumVisualStudioVersion = 10.0.40219.1
Project("{FAE04EC0-301F-11D3-BF4B-00C04F79EFBC}") = "Daisy11Functions", "Daisy11Functions\Daisy11Functions.csproj", "{82E209D5-D8FD-4661-AAA8-1194FE6A0E73}"
EndProject
Global
	GlobalSection(SolutionConfigurationPlatforms) = preSolution
		Debug|Any CPU = Debug|Any CPU
		Release|Any CPU = Release|Any CPU
	EndGlobalSection
	GlobalSection(ProjectConfigurationPlatforms) = postSolution
		{82E209D5-D8FD-4661-AAA8-1194FE6A0E73}.Debug|Any CPU.ActiveCfg = Debug|Any CPU
		{82E209D5-D8FD-4661-AAA8-1194FE6A0E73}.Debug|Any CPU.Build.0 = Debug|Any CPU
		{82E209D5-D8FD-4661-AAA8-1194FE6A0E73}.Release|Any CPU.ActiveCfg = Release|Any CPU
		{82E209D5-D8FD-4661-AAA8-1194FE6A0E73}.Release|Any CPU.Build.0 = Release|Any CPU
	EndGlobalSection
	GlobalSection(SolutionProperties) = preSolution
		HideSolutionNode = FALSE
	EndGlobalSection
	GlobalSection(ExtensibilityGlobals) = postSolution
		SolutionGuid = {9C04C622-E9D6-478A-9AC9-BA5E0C22771F}
	EndGlobalSection
EndGlobal
